
Microsoft Visual Studio Solution File, Format Version 12.00
# Visual Studio Version 17
VisualStudioVersion = 17.4.33403.182
MinimumVisualStudioVersion = 10.0.40219.1
Project("{FAE04EC0-301F-11D3-BF4B-00C04F79EFBC}") = "HurtigTest", "HurtigTest\HurtigTest.csproj", "{2B0D22BC-D40F-46AC-9D55-4FABDFB26EBB}"
EndProject
Global
	GlobalSection(SolutionConfigurationPlatforms) = preSolution
		Debug|Any CPU = Debug|Any CPU
		Release|Any CPU = Release|Any CPU
	EndGlobalSection
	GlobalSection(ProjectConfigurationPlatforms) = postSolution
		{2B0D22BC-D40F-46AC-9D55-4FABDFB26EBB}.Debug|Any CPU.ActiveCfg = Debug|Any CPU
		{2B0D22BC-D40F-46AC-9D55-4FABDFB26EBB}.Debug|Any CPU.Build.0 = Debug|Any CPU
		{2B0D22BC-D40F-46AC-9D55-4FABDFB26EBB}.Release|Any CPU.ActiveCfg = Release|Any CPU
		{2B0D22BC-D40F-46AC-9D55-4FABDFB26EBB}.Release|Any CPU.Build.0 = Release|Any CPU
	EndGlobalSection
	GlobalSection(SolutionProperties) = preSolution
		HideSolutionNode = FALSE
	EndGlobalSection
	GlobalSection(ExtensibilityGlobals) = postSolution
		SolutionGuid = {91EFEC19-D137-44C3-92DE-F0F0EE2F5F09}
	EndGlobalSection
EndGlobal
